// !$*UTF8*$!
{
	archiveVersion = 1;
	classes = {
	};
	objectVersion = 56;
	objects = {

/* Begin PBXBuildFile section */
		89946D5D2BF966A500DA295E /* SoundApp.swift in Sources */ = {isa = PBXBuildFile; fileRef = 89946D5C2BF966A500DA295E /* SoundApp.swift */; };
		89946D5F2BF966A500DA295E /* ContentView.swift in Sources */ = {isa = PBXBuildFile; fileRef = 89946D5E2BF966A500DA295E /* ContentView.swift */; };
		89946D612BF966A700DA295E /* Assets.xcassets in Resources */ = {isa = PBXBuildFile; fileRef = 89946D602BF966A700DA295E /* Assets.xcassets */; };
		89946D642BF966A700DA295E /* Preview Assets.xcassets in Resources */ = {isa = PBXBuildFile; fileRef = 89946D632BF966A700DA295E /* Preview Assets.xcassets */; };
		89946D662BF966A700DA295E /* Persistence.swift in Sources */ = {isa = PBXBuildFile; fileRef = 89946D652BF966A700DA295E /* Persistence.swift */; };
		89946D692BF966A700DA295E /* Sound.xcdatamodeld in Sources */ = {isa = PBXBuildFile; fileRef = 89946D672BF966A700DA295E /* Sound.xcdatamodeld */; };
		89946D732BF966A700DA295E /* SoundTests.swift in Sources */ = {isa = PBXBuildFile; fileRef = 89946D722BF966A700DA295E /* SoundTests.swift */; };
		89946D7D2BF966A700DA295E /* SoundUITests.swift in Sources */ = {isa = PBXBuildFile; fileRef = 89946D7C2BF966A700DA295E /* SoundUITests.swift */; };
		89946D7F2BF966A700DA295E /* SoundUITestsLaunchTests.swift in Sources */ = {isa = PBXBuildFile; fileRef = 89946D7E2BF966A700DA295E /* SoundUITestsLaunchTests.swift */; };
/* End PBXBuildFile section */

/* Begin PBXContainerItemProxy section */
		89946D6F2BF966A700DA295E /* PBXContainerItemProxy */ = {
			isa = PBXContainerItemProxy;
			containerPortal = 89946D512BF966A500DA295E /* Project object */;
			proxyType = 1;
			remoteGlobalIDString = 89946D582BF966A500DA295E;
			remoteInfo = Sound;
		};
		89946D792BF966A700DA295E /* PBXContainerItemProxy */ = {
			isa = PBXContainerItemProxy;
			containerPortal = 89946D512BF966A500DA295E /* Project object */;
			proxyType = 1;
			remoteGlobalIDString = 89946D582BF966A500DA295E;
			remoteInfo = Sound;
		};
/* End PBXContainerItemProxy section */

/* Begin PBXFileReference section */
		89946D592BF966A500DA295E /* Sound.app */ = {isa = PBXFileReference; explicitFileType = wrapper.application; includeInIndex = 0; path = Sound.app; sourceTree = BUILT_PRODUCTS_DIR; };
		89946D5C2BF966A500DA295E /* SoundApp.swift */ = {isa = PBXFileReference; lastKnownFileType = sourcecode.swift; path = SoundApp.swift; sourceTree = "<group>"; };
		89946D5E2BF966A500DA295E /* ContentView.swift */ = {isa = PBXFileReference; lastKnownFileType = sourcecode.swift; path = ContentView.swift; sourceTree = "<group>"; };
		89946D602BF966A700DA295E /* Assets.xcassets */ = {isa = PBXFileReference; lastKnownFileType = folder.assetcatalog; path = Assets.xcassets; sourceTree = "<group>"; };
		89946D632BF966A700DA295E /* Preview Assets.xcassets */ = {isa = PBXFileReference; lastKnownFileType = folder.assetcatalog; path = "Preview Assets.xcassets"; sourceTree = "<group>"; };
		89946D652BF966A700DA295E /* Persistence.swift */ = {isa = PBXFileReference; lastKnownFileType = sourcecode.swift; path = Persistence.swift; sourceTree = "<group>"; };
		89946D682BF966A700DA295E /* Sound.xcdatamodel */ = {isa = PBXFileReference; lastKnownFileType = wrapper.xcdatamodel; path = Sound.xcdatamodel; sourceTree = "<group>"; };
		89946D6E2BF966A700DA295E /* SoundTests.xctest */ = {isa = PBXFileReference; explicitFileType = wrapper.cfbundle; includeInIndex = 0; path = SoundTests.xctest; sourceTree = BUILT_PRODUCTS_DIR; };
		89946D722BF966A700DA295E /* SoundTests.swift */ = {isa = PBXFileReference; lastKnownFileType = sourcecode.swift; path = SoundTests.swift; sourceTree = "<group>"; };
		89946D782BF966A700DA295E /* SoundUITests.xctest */ = {isa = PBXFileReference; explicitFileType = wrapper.cfbundle; includeInIndex = 0; path = SoundUITests.xctest; sourceTree = BUILT_PRODUCTS_DIR; };
		89946D7C2BF966A700DA295E /* SoundUITests.swift */ = {isa = PBXFileReference; lastKnownFileType = sourcecode.swift; path = SoundUITests.swift; sourceTree = "<group>"; };
		89946D7E2BF966A700DA295E /* SoundUITestsLaunchTests.swift */ = {isa = PBXFileReference; lastKnownFileType = sourcecode.swift; path = SoundUITestsLaunchTests.swift; sourceTree = "<group>"; };
/* End PBXFileReference section */

/* Begin PBXFrameworksBuildPhase section */
		89946D562BF966A500DA295E /* Frameworks */ = {
			isa = PBXFrameworksBuildPhase;
			buildActionMask = 2147483647;
			files = (
			);
			runOnlyForDeploymentPostprocessing = 0;
		};
		89946D6B2BF966A700DA295E /* Frameworks */ = {
			isa = PBXFrameworksBuildPhase;
			buildActionMask = 2147483647;
			files = (
			);
			runOnlyForDeploymentPostprocessing = 0;
		};
		89946D752BF966A700DA295E /* Frameworks */ = {
			isa = PBXFrameworksBuildPhase;
			buildActionMask = 2147483647;
			files = (
			);
			runOnlyForDeploymentPostprocessing = 0;
		};
/* End PBXFrameworksBuildPhase section */

/* Begin PBXGroup section */
		89946D502BF966A500DA295E = {
			isa = PBXGroup;
			children = (
				89946D5B2BF966A500DA295E /* Sound */,
				89946D712BF966A700DA295E /* SoundTests */,
				89946D7B2BF966A700DA295E /* SoundUITests */,
				89946D5A2BF966A500DA295E /* Products */,
			);
			sourceTree = "<group>";
		};
		89946D5A2BF966A500DA295E /* Products */ = {
			isa = PBXGroup;
			children = (
				89946D592BF966A500DA295E /* Sound.app */,
				89946D6E2BF966A700DA295E /* SoundTests.xctest */,
				89946D782BF966A700DA295E /* SoundUITests.xctest */,
			);
			name = Products;
			sourceTree = "<group>";
		};
		89946D5B2BF966A500DA295E /* Sound */ = {
			isa = PBXGroup;
			children = (
				89946D5C2BF966A500DA295E /* SoundApp.swift */,
				89946D5E2BF966A500DA295E /* ContentView.swift */,
				89946D602BF966A700DA295E /* Assets.xcassets */,
				89946D652BF966A700DA295E /* Persistence.swift */,
				89946D672BF966A700DA295E /* Sound.xcdatamodeld */,
				89946D622BF966A700DA295E /* Preview Content */,
			);
			path = Sound;
			sourceTree = "<group>";
		};
		89946D622BF966A700DA295E /* Preview Content */ = {
			isa = PBXGroup;
			children = (
				89946D632BF966A700DA295E /* Preview Assets.xcassets */,
			);
			path = "Preview Content";
			sourceTree = "<group>";
		};
		89946D712BF966A700DA295E /* SoundTests */ = {
			isa = PBXGroup;
			children = (
				89946D722BF966A700DA295E /* SoundTests.swift */,
			);
			path = SoundTests;
			sourceTree = "<group>";
		};
		89946D7B2BF966A700DA295E /* SoundUITests */ = {
			isa = PBXGroup;
			children = (
				89946D7C2BF966A700DA295E /* SoundUITests.swift */,
				89946D7E2BF966A700DA295E /* SoundUITestsLaunchTests.swift */,
			);
			path = SoundUITests;
			sourceTree = "<group>";
		};
/* End PBXGroup section */

/* Begin PBXNativeTarget section */
		89946D582BF966A500DA295E /* Sound */ = {
			isa = PBXNativeTarget;
			buildConfigurationList = 89946D822BF966A700DA295E /* Build configuration list for PBXNativeTarget "Sound" */;
			buildPhases = (
				89946D552BF966A500DA295E /* Sources */,
				89946D562BF966A500DA295E /* Frameworks */,
				89946D572BF966A500DA295E /* Resources */,
			);
			buildRules = (
			);
			dependencies = (
			);
			name = Sound;
			productName = Sound;
			productReference = 89946D592BF966A500DA295E /* Sound.app */;
			productType = "com.apple.product-type.application";
		};
		89946D6D2BF966A700DA295E /* SoundTests */ = {
			isa = PBXNativeTarget;
			buildConfigurationList = 89946D852BF966A700DA295E /* Build configuration list for PBXNativeTarget "SoundTests" */;
			buildPhases = (
				89946D6A2BF966A700DA295E /* Sources */,
				89946D6B2BF966A700DA295E /* Frameworks */,
				89946D6C2BF966A700DA295E /* Resources */,
			);
			buildRules = (
			);
			dependencies = (
				89946D702BF966A700DA295E /* PBXTargetDependency */,
			);
			name = SoundTests;
			productName = SoundTests;
			productReference = 89946D6E2BF966A700DA295E /* SoundTests.xctest */;
			productType = "com.apple.product-type.bundle.unit-test";
		};
		89946D772BF966A700DA295E /* SoundUITests */ = {
			isa = PBXNativeTarget;
			buildConfigurationList = 89946D882BF966A700DA295E /* Build configuration list for PBXNativeTarget "SoundUITests" */;
			buildPhases = (
				89946D742BF966A700DA295E /* Sources */,
				89946D752BF966A700DA295E /* Frameworks */,
				89946D762BF966A700DA295E /* Resources */,
			);
			buildRules = (
			);
			dependencies = (
				89946D7A2BF966A700DA295E /* PBXTargetDependency */,
			);
			name = SoundUITests;
			productName = SoundUITests;
			productReference = 89946D782BF966A700DA295E /* SoundUITests.xctest */;
			productType = "com.apple.product-type.bundle.ui-testing";
		};
/* End PBXNativeTarget section */

/* Begin PBXProject section */
		89946D512BF966A500DA295E /* Project object */ = {
			isa = PBXProject;
			attributes = {
				BuildIndependentTargetsInParallel = 1;
				LastSwiftUpdateCheck = 1540;
				LastUpgradeCheck = 1540;
				TargetAttributes = {
					89946D582BF966A500DA295E = {
						CreatedOnToolsVersion = 15.4;
					};
					89946D6D2BF966A700DA295E = {
						CreatedOnToolsVersion = 15.4;
						TestTargetID = 89946D582BF966A500DA295E;
					};
					89946D772BF966A700DA295E = {
						CreatedOnToolsVersion = 15.4;
						TestTargetID = 89946D582BF966A500DA295E;
					};
				};
			};
			buildConfigurationList = 89946D542BF966A500DA295E /* Build configuration list for PBXProject "Sound" */;
			compatibilityVersion = "Xcode 14.0";
			developmentRegion = en;
			hasScannedForEncodings = 0;
			knownRegions = (
				en,
				Base,
			);
			mainGroup = 89946D502BF966A500DA295E;
			productRefGroup = 89946D5A2BF966A500DA295E /* Products */;
			projectDirPath = "";
			projectRoot = "";
			targets = (
				89946D582BF966A500DA295E /* Sound */,
				89946D6D2BF966A700DA295E /* SoundTests */,
				89946D772BF966A700DA295E /* SoundUITests */,
			);
		};
/* End PBXProject section */

/* Begin PBXResourcesBuildPhase section */
		89946D572BF966A500DA295E /* Resources */ = {
			isa = PBXResourcesBuildPhase;
			buildActionMask = 2147483647;
			files = (
				89946D642BF966A700DA295E /* Preview Assets.xcassets in Resources */,
				89946D612BF966A700DA295E /* Assets.xcassets in Resources */,
			);
			runOnlyForDeploymentPostprocessing = 0;
		};
		89946D6C2BF966A700DA295E /* Resources */ = {
			isa = PBXResourcesBuildPhase;
			buildActionMask = 2147483647;
			files = (
			);
			runOnlyForDeploymentPostprocessing = 0;
		};
		89946D762BF966A700DA295E /* Resources */ = {
			isa = PBXResourcesBuildPhase;
			buildActionMask = 2147483647;
			files = (
			);
			runOnlyForDeploymentPostprocessing = 0;
		};
/* End PBXResourcesBuildPhase section */

/* Begin PBXSourcesBuildPhase section */
		89946D552BF966A500DA295E /* Sources */ = {
			isa = PBXSourcesBuildPhase;
			buildActionMask = 2147483647;
			files = (
				89946D662BF966A700DA295E /* Persistence.swift in Sources */,
				89946D5F2BF966A500DA295E /* ContentView.swift in Sources */,
				89946D5D2BF966A500DA295E /* SoundApp.swift in Sources */,
				89946D692BF966A700DA295E /* Sound.xcdatamodeld in Sources */,
			);
			runOnlyForDeploymentPostprocessing = 0;
		};
		89946D6A2BF966A700DA295E /* Sources */ = {
			isa = PBXSourcesBuildPhase;
			buildActionMask = 2147483647;
			files = (
				89946D732BF966A700DA295E /* SoundTests.swift in Sources */,
			);
			runOnlyForDeploymentPostprocessing = 0;
		};
		89946D742BF966A700DA295E /* Sources */ = {
			isa = PBXSourcesBuildPhase;
			buildActionMask = 2147483647;
			files = (
				89946D7F2BF966A700DA295E /* SoundUITestsLaunchTests.swift in Sources */,
				89946D7D2BF966A700DA295E /* SoundUITests.swift in Sources */,
			);
			runOnlyForDeploymentPostprocessing = 0;
		};
/* End PBXSourcesBuildPhase section */

/* Begin PBXTargetDependency section */
		89946D702BF966A700DA295E /* PBXTargetDependency */ = {
			isa = PBXTargetDependency;
			target = 89946D582BF966A500DA295E /* Sound */;
			targetProxy = 89946D6F2BF966A700DA295E /* PBXContainerItemProxy */;
		};
		89946D7A2BF966A700DA295E /* PBXTargetDependency */ = {
			isa = PBXTargetDependency;
			target = 89946D582BF966A500DA295E /* Sound */;
			targetProxy = 89946D792BF966A700DA295E /* PBXContainerItemProxy */;
		};
/* End PBXTargetDependency section */

/* Begin XCBuildConfiguration section */
		89946D802BF966A700DA295E /* Debug */ = {
			isa = XCBuildConfiguration;
			buildSettings = {
				ALWAYS_SEARCH_USER_PATHS = NO;
				ASSETCATALOG_COMPILER_GENERATE_SWIFT_ASSET_SYMBOL_EXTENSIONS = YES;
				CLANG_ANALYZER_NONNULL = YES;
				CLANG_ANALYZER_NUMBER_OBJECT_CONVERSION = YES_AGGRESSIVE;
				CLANG_CXX_LANGUAGE_STANDARD = "gnu++20";
				CLANG_ENABLE_MODULES = YES;
				CLANG_ENABLE_OBJC_ARC = YES;
				CLANG_ENABLE_OBJC_WEAK = YES;
				CLANG_WARN_BLOCK_CAPTURE_AUTORELEASING = YES;
				CLANG_WARN_BOOL_CONVERSION = YES;
				CLANG_WARN_COMMA = YES;
				CLANG_WARN_CONSTANT_CONVERSION = YES;
				CLANG_WARN_DEPRECATED_OBJC_IMPLEMENTATIONS = YES;
				CLANG_WARN_DIRECT_OBJC_ISA_USAGE = YES_ERROR;
				CLANG_WARN_DOCUMENTATION_COMMENTS = YES;
				CLANG_WARN_EMPTY_BODY = YES;
				CLANG_WARN_ENUM_CONVERSION = YES;
				CLANG_WARN_INFINITE_RECURSION = YES;
				CLANG_WARN_INT_CONVERSION = YES;
				CLANG_WARN_NON_LITERAL_NULL_CONVERSION = YES;
				CLANG_WARN_OBJC_IMPLICIT_RETAIN_SELF = YES;
				CLANG_WARN_OBJC_LITERAL_CONVERSION = YES;
				CLANG_WARN_OBJC_ROOT_CLASS = YES_ERROR;
				CLANG_WARN_QUOTED_INCLUDE_IN_FRAMEWORK_HEADER = YES;
				CLANG_WARN_RANGE_LOOP_ANALYSIS = YES;
				CLANG_WARN_STRICT_PROTOTYPES = YES;
				CLANG_WARN_SUSPICIOUS_MOVE = YES;
				CLANG_WARN_UNGUARDED_AVAILABILITY = YES_AGGRESSIVE;
				CLANG_WARN_UNREACHABLE_CODE = YES;
				CLANG_WARN__DUPLICATE_METHOD_MATCH = YES;
				COPY_PHASE_STRIP = NO;
				DEBUG_INFORMATION_FORMAT = dwarf;
				ENABLE_STRICT_OBJC_MSGSEND = YES;
				ENABLE_TESTABILITY = YES;
				ENABLE_USER_SCRIPT_SANDBOXING = YES;
				GCC_C_LANGUAGE_STANDARD = gnu17;
				GCC_DYNAMIC_NO_PIC = NO;
				GCC_NO_COMMON_BLOCKS = YES;
				GCC_OPTIMIZATION_LEVEL = 0;
				GCC_PREPROCESSOR_DEFINITIONS = (
					"DEBUG=1",
					"$(inherited)",
				);
				GCC_WARN_64_TO_32_BIT_CONVERSION = YES;
				GCC_WARN_ABOUT_RETURN_TYPE = YES_ERROR;
				GCC_WARN_UNDECLARED_SELECTOR = YES;
				GCC_WARN_UNINITIALIZED_AUTOS = YES_AGGRESSIVE;
				GCC_WARN_UNUSED_FUNCTION = YES;
				GCC_WARN_UNUSED_VARIABLE = YES;
				IPHONEOS_DEPLOYMENT_TARGET = 17.5;
				LOCALIZATION_PREFERS_STRING_CATALOGS = YES;
				MTL_ENABLE_DEBUG_INFO = INCLUDE_SOURCE;
				MTL_FAST_MATH = YES;
				ONLY_ACTIVE_ARCH = YES;
				SDKROOT = iphoneos;
				SWIFT_ACTIVE_COMPILATION_CONDITIONS = "DEBUG $(inherited)";
				SWIFT_OPTIMIZATION_LEVEL = "-Onone";
			};
			name = Debug;
		};
		89946D812BF966A700DA295E /* Release */ = {
			isa = XCBuildConfiguration;
			buildSettings = {
				ALWAYS_SEARCH_USER_PATHS = NO;
				ASSETCATALOG_COMPILER_GENERATE_SWIFT_ASSET_SYMBOL_EXTENSIONS = YES;
				CLANG_ANALYZER_NONNULL = YES;
				CLANG_ANALYZER_NUMBER_OBJECT_CONVERSION = YES_AGGRESSIVE;
				CLANG_CXX_LANGUAGE_STANDARD = "gnu++20";
				CLANG_ENABLE_MODULES = YES;
				CLANG_ENABLE_OBJC_ARC = YES;
				CLANG_ENABLE_OBJC_WEAK = YES;
				CLANG_WARN_BLOCK_CAPTURE_AUTORELEASING = YES;
				CLANG_WARN_BOOL_CONVERSION = YES;
				CLANG_WARN_COMMA = YES;
				CLANG_WARN_CONSTANT_CONVERSION = YES;
				CLANG_WARN_DEPRECATED_OBJC_IMPLEMENTATIONS = YES;
				CLANG_WARN_DIRECT_OBJC_ISA_USAGE = YES_ERROR;
				CLANG_WARN_DOCUMENTATION_COMMENTS = YES;
				CLANG_WARN_EMPTY_BODY = YES;
				CLANG_WARN_ENUM_CONVERSION = YES;
				CLANG_WARN_INFINITE_RECURSION = YES;
				CLANG_WARN_INT_CONVERSION = YES;
				CLANG_WARN_NON_LITERAL_NULL_CONVERSION = YES;
				CLANG_WARN_OBJC_IMPLICIT_RETAIN_SELF = YES;
				CLANG_WARN_OBJC_LITERAL_CONVERSION = YES;
				CLANG_WARN_OBJC_ROOT_CLASS = YES_ERROR;
				CLANG_WARN_QUOTED_INCLUDE_IN_FRAMEWORK_HEADER = YES;
				CLANG_WARN_RANGE_LOOP_ANALYSIS = YES;
				CLANG_WARN_STRICT_PROTOTYPES = YES;
				CLANG_WARN_SUSPICIOUS_MOVE = YES;
				CLANG_WARN_UNGUARDED_AVAILABILITY = YES_AGGRESSIVE;
				CLANG_WARN_UNREACHABLE_CODE = YES;
				CLANG_WARN__DUPLICATE_METHOD_MATCH = YES;
				COPY_PHASE_STRIP = NO;
				DEBUG_INFORMATION_FORMAT = "dwarf-with-dsym";
				ENABLE_NS_ASSERTIONS = NO;
				ENABLE_STRICT_OBJC_MSGSEND = YES;
				ENABLE_USER_SCRIPT_SANDBOXING = YES;
				GCC_C_LANGUAGE_STANDARD = gnu17;
				GCC_NO_COMMON_BLOCKS = YES;
				GCC_WARN_64_TO_32_BIT_CONVERSION = YES;
				GCC_WARN_ABOUT_RETURN_TYPE = YES_ERROR;
				GCC_WARN_UNDECLARED_SELECTOR = YES;
				GCC_WARN_UNINITIALIZED_AUTOS = YES_AGGRESSIVE;
				GCC_WARN_UNUSED_FUNCTION = YES;
				GCC_WARN_UNUSED_VARIABLE = YES;
				IPHONEOS_DEPLOYMENT_TARGET = 17.5;
				LOCALIZATION_PREFERS_STRING_CATALOGS = YES;
				MTL_ENABLE_DEBUG_INFO = NO;
				MTL_FAST_MATH = YES;
				SDKROOT = iphoneos;
				SWIFT_COMPILATION_MODE = wholemodule;
				VALIDATE_PRODUCT = YES;
			};
			name = Release;
		};
		89946D832BF966A700DA295E /* Debug */ = {
			isa = XCBuildConfiguration;
			buildSettings = {
				ASSETCATALOG_COMPILER_APPICON_NAME = AppIcon;
				ASSETCATALOG_COMPILER_GLOBAL_ACCENT_COLOR_NAME = AccentColor;
				CODE_SIGN_STYLE = Automatic;
				CURRENT_PROJECT_VERSION = 1;
				DEVELOPMENT_ASSET_PATHS = "\"Sound/Preview Content\"";
				ENABLE_PREVIEWS = YES;
				GENERATE_INFOPLIST_FILE = YES;
				INFOPLIST_KEY_UIApplicationSceneManifest_Generation = YES;
				INFOPLIST_KEY_UIApplicationSupportsIndirectInputEvents = YES;
				INFOPLIST_KEY_UILaunchScreen_Generation = YES;
				INFOPLIST_KEY_UISupportedInterfaceOrientations_iPad = "UIInterfaceOrientationPortrait UIInterfaceOrientationPortraitUpsideDown UIInterfaceOrientationLandscapeLeft UIInterfaceOrientationLandscapeRight";
				INFOPLIST_KEY_UISupportedInterfaceOrientations_iPhone = "UIInterfaceOrientationPortrait UIInterfaceOrientationLandscapeLeft UIInterfaceOrientationLandscapeRight";
				LD_RUNPATH_SEARCH_PATHS = (
					"$(inherited)",
					"@executable_path/Frameworks",
				);
				MARKETING_VERSION = 1.0;
				PRODUCT_BUNDLE_IDENTIFIER = tom.Sound;
				PRODUCT_NAME = "$(TARGET_NAME)";
				SWIFT_EMIT_LOC_STRINGS = YES;
				SWIFT_VERSION = 5.0;
				TARGETED_DEVICE_FAMILY = "1,2";
			};
			name = Debug;
		};
		89946D842BF966A700DA295E /* Release */ = {
			isa = XCBuildConfiguration;
			buildSettings = {
				ASSETCATALOG_COMPILER_APPICON_NAME = AppIcon;
				ASSETCATALOG_COMPILER_GLOBAL_ACCENT_COLOR_NAME = AccentColor;
				CODE_SIGN_STYLE = Automatic;
				CURRENT_PROJECT_VERSION = 1;
				DEVELOPMENT_ASSET_PATHS = "\"Sound/Preview Content\"";
				ENABLE_PREVIEWS = YES;
				GENERATE_INFOPLIST_FILE = YES;
				INFOPLIST_KEY_UIApplicationSceneManifest_Generation = YES;
				INFOPLIST_KEY_UIApplicationSupportsIndirectInputEvents = YES;
				INFOPLIST_KEY_UILaunchScreen_Generation = YES;
				INFOPLIST_KEY_UISupportedInterfaceOrientations_iPad = "UIInterfaceOrientationPortrait UIInterfaceOrientationPortraitUpsideDown UIInterfaceOrientationLandscapeLeft UIInterfaceOrientationLandscapeRight";
				INFOPLIST_KEY_UISupportedInterfaceOrientations_iPhone = "UIInterfaceOrientationPortrait UIInterfaceOrientationLandscapeLeft UIInterfaceOrientationLandscapeRight";
				LD_RUNPATH_SEARCH_PATHS = (
					"$(inherited)",
					"@executable_path/Frameworks",
				);
				MARKETING_VERSION = 1.0;
				PRODUCT_BUNDLE_IDENTIFIER = tom.Sound;
				PRODUCT_NAME = "$(TARGET_NAME)";
				SWIFT_EMIT_LOC_STRINGS = YES;
				SWIFT_VERSION = 5.0;
				TARGETED_DEVICE_FAMILY = "1,2";
			};
			name = Release;
		};
		89946D862BF966A700DA295E /* Debug */ = {
			isa = XCBuildConfiguration;
			buildSettings = {
				ALWAYS_EMBED_SWIFT_STANDARD_LIBRARIES = YES;
				BUNDLE_LOADER = "$(TEST_HOST)";
				CODE_SIGN_STYLE = Automatic;
				CURRENT_PROJECT_VERSION = 1;
				GENERATE_INFOPLIST_FILE = YES;
				IPHONEOS_DEPLOYMENT_TARGET = 17.5;
				MARKETING_VERSION = 1.0;
				PRODUCT_BUNDLE_IDENTIFIER = tom.SoundTests;
				PRODUCT_NAME = "$(TARGET_NAME)";
				SWIFT_EMIT_LOC_STRINGS = NO;
				SWIFT_VERSION = 5.0;
				TARGETED_DEVICE_FAMILY = "1,2";
				TEST_HOST = "$(BUILT_PRODUCTS_DIR)/Sound.app/$(BUNDLE_EXECUTABLE_FOLDER_PATH)/Sound";
			};
			name = Debug;
		};
		89946D872BF966A700DA295E /* Release */ = {
			isa = XCBuildConfiguration;
			buildSettings = {
				ALWAYS_EMBED_SWIFT_STANDARD_LIBRARIES = YES;
				BUNDLE_LOADER = "$(TEST_HOST)";
				CODE_SIGN_STYLE = Automatic;
				CURRENT_PROJECT_VERSION = 1;
				GENERATE_INFOPLIST_FILE = YES;
				IPHONEOS_DEPLOYMENT_TARGET = 17.5;
				MARKETING_VERSION = 1.0;
				PRODUCT_BUNDLE_IDENTIFIER = tom.SoundTests;
				PRODUCT_NAME = "$(TARGET_NAME)";
				SWIFT_EMIT_LOC_STRINGS = NO;
				SWIFT_VERSION = 5.0;
				TARGETED_DEVICE_FAMILY = "1,2";
				TEST_HOST = "$(BUILT_PRODUCTS_DIR)/Sound.app/$(BUNDLE_EXECUTABLE_FOLDER_PATH)/Sound";
			};
			name = Release;
		};
		89946D892BF966A700DA295E /* Debug */ = {
			isa = XCBuildConfiguration;
			buildSettings = {
				ALWAYS_EMBED_SWIFT_STANDARD_LIBRARIES = YES;
				CODE_SIGN_STYLE = Automatic;
				CURRENT_PROJECT_VERSION = 1;
				GENERATE_INFOPLIST_FILE = YES;
				MARKETING_VERSION = 1.0;
				PRODUCT_BUNDLE_IDENTIFIER = tom.SoundUITests;
				PRODUCT_NAME = "$(TARGET_NAME)";
				SWIFT_EMIT_LOC_STRINGS = NO;
				SWIFT_VERSION = 5.0;
				TARGETED_DEVICE_FAMILY = "1,2";
				TEST_TARGET_NAME = Sound;
			};
			name = Debug;
		};
		89946D8A2BF966A700DA295E /* Release */ = {
			isa = XCBuildConfiguration;
			buildSettings = {
				ALWAYS_EMBED_SWIFT_STANDARD_LIBRARIES = YES;
				CODE_SIGN_STYLE = Automatic;
				CURRENT_PROJECT_VERSION = 1;
				GENERATE_INFOPLIST_FILE = YES;
				MARKETING_VERSION = 1.0;
				PRODUCT_BUNDLE_IDENTIFIER = tom.SoundUITests;
				PRODUCT_NAME = "$(TARGET_NAME)";
				SWIFT_EMIT_LOC_STRINGS = NO;
				SWIFT_VERSION = 5.0;
				TARGETED_DEVICE_FAMILY = "1,2";
				TEST_TARGET_NAME = Sound;
			};
			name = Release;
		};
/* End XCBuildConfiguration section */

/* Begin XCConfigurationList section */
		89946D542BF966A500DA295E /* Build configuration list for PBXProject "Sound" */ = {
			isa = XCConfigurationList;
			buildConfigurations = (
				89946D802BF966A700DA295E /* Debug */,
				89946D812BF966A700DA295E /* Release */,
			);
			defaultConfigurationIsVisible = 0;
			defaultConfigurationName = Release;
		};
		89946D822BF966A700DA295E /* Build configuration list for PBXNativeTarget "Sound" */ = {
			isa = XCConfigurationList;
			buildConfigurations = (
				89946D832BF966A700DA295E /* Debug */,
				89946D842BF966A700DA295E /* Release */,
			);
			defaultConfigurationIsVisible = 0;
			defaultConfigurationName = Release;
		};
		89946D852BF966A700DA295E /* Build configuration list for PBXNativeTarget "SoundTests" */ = {
			isa = XCConfigurationList;
			buildConfigurations = (
				89946D862BF966A700DA295E /* Debug */,
				89946D872BF966A700DA295E /* Release */,
			);
			defaultConfigurationIsVisible = 0;
			defaultConfigurationName = Release;
		};
		89946D882BF966A700DA295E /* Build configuration list for PBXNativeTarget "SoundUITests" */ = {
			isa = XCConfigurationList;
			buildConfigurations = (
				89946D892BF966A700DA295E /* Debug */,
				89946D8A2BF966A700DA295E /* Release */,
			);
			defaultConfigurationIsVisible = 0;
			defaultConfigurationName = Release;
		};
/* End XCConfigurationList section */

/* Begin XCVersionGroup section */
		89946D672BF966A700DA295E /* Sound.xcdatamodeld */ = {
			isa = XCVersionGroup;
			children = (
				89946D682BF966A700DA295E /* Sound.xcdatamodel */,
			);
			currentVersion = 89946D682BF966A700DA295E /* Sound.xcdatamodel */;
			path = Sound.xcdatamodeld;
			sourceTree = "<group>";
			versionGroupType = wrapper.xcdatamodel;
		};
/* End XCVersionGroup section */
	};
	rootObject = 89946D512BF966A500DA295E /* Project object */;
}
